{
    "name": "keyfetch",
    "version": "2.1.1",
    "lockfileVersion": 2,
    "requires": true,
    "packages": {
        "": {
            "name": "keyfetch",
            "version": "2.1.1",
            "license": "MPL-2.0",
            "dependencies": {
                "@root/request": "^1.8.0",
                "eckles": "^1.4.1",
                "rasha": "^1.2.4"
            },
            "devDependencies": {
                "keypairs": "^1.2.14"
            }
        },
        "node_modules/@root/request": {
            "version": "1.8.0",
            "resolved": "https://registry.npmjs.org/@root/request/-/request-1.8.0.tgz",
            "integrity": "sha512-HufCvoTwqR30OyKSjwg28W5QCUpypSJZpOYcJbC9PME5kI6cOYsccYs/6bXfsuEoarz8+YwBDrsuM1UdBMxMLw=="
        },
        "node_modules/eckles": {
            "version": "1.4.1",
            "resolved": "https://registry.npmjs.org/eckles/-/eckles-1.4.1.tgz",
            "integrity": "sha512-auWyk/k8oSkVHaD4RxkPadKsLUcIwKgr/h8F7UZEueFDBO7BsE4y+H6IMUDbfqKIFPg/9MxV6KcBdJCmVVcxSA==",
            "bin": {
                "eckles": "bin/eckles.js"
            }
        },
        "node_modules/keypairs": {
            "version": "1.2.14",
            "resolved": "https://registry.npmjs.org/keypairs/-/keypairs-1.2.14.tgz",
            "integrity": "sha512-ZoZfZMygyB0QcjSlz7Rh6wT2CJasYEHBPETtmHZEfxuJd7bnsOG5AdtPZqHZBT+hoHvuWCp/4y8VmvTvH0Y9uA==",
            "dev": true,
            "dependencies": {
                "eckles": "^1.4.1",
                "rasha": "^1.2.4"
            },
            "bin": {
                "keypairs-install": "bin/keypairs.js"
            }
        },
        "node_modules/rasha": {
            "version": "1.2.4",
            "resolved": "https://registry.npmjs.org/rasha/-/rasha-1.2.4.tgz",
            "integrity": "sha512-GsIwKv+hYSumJyK9wkTDaERLwvWaGYh1WuI7JMTBISfYt13TkKFU/HFzlY4n72p8VfXZRUYm0AqaYhkZVxOC3Q==",
            "bin": {
                "rasha": "bin/rasha.js"
            }
        }
    },
    "dependencies": {
        "@root/request": {
            "version": "1.8.0",
            "resolved": "https://registry.npmjs.org/@root/request/-/request-1.8.0.tgz",
            "integrity": "sha512-HufCvoTwqR30OyKSjwg28W5QCUpypSJZpOYcJbC9PME5kI6cOYsccYs/6bXfsuEoarz8+YwBDrsuM1UdBMxMLw=="
        },
        "eckles": {
            "version": "1.4.1",
            "resolved": "https://registry.npmjs.org/eckles/-/eckles-1.4.1.tgz",
            "integrity": "sha512-auWyk/k8oSkVHaD4RxkPadKsLUcIwKgr/h8F7UZEueFDBO7BsE4y+H6IMUDbfqKIFPg/9MxV6KcBdJCmVVcxSA=="
        },
        "keypairs": {
            "version": "1.2.14",
            "resolved": "https://registry.npmjs.org/keypairs/-/keypairs-1.2.14.tgz",
            "integrity": "sha512-ZoZfZMygyB0QcjSlz7Rh6wT2CJasYEHBPETtmHZEfxuJd7bnsOG5AdtPZqHZBT+hoHvuWCp/4y8VmvTvH0Y9uA==",
            "dev": true,
            "requires": {
                "eckles": "^1.4.1",
                "rasha": "^1.2.4"
            }
        },
        "rasha": {
            "version": "1.2.4",
            "resolved": "https://registry.npmjs.org/rasha/-/rasha-1.2.4.tgz",
            "integrity": "sha512-GsIwKv+hYSumJyK9wkTDaERLwvWaGYh1WuI7JMTBISfYt13TkKFU/HFzlY4n72p8VfXZRUYm0AqaYhkZVxOC3Q=="
        }
    }
}
