{
  "name": "keyfetch",
  "version": "1.1.8",
  "lockfileVersion": 1,
  "requires": true,
  "dependencies": {
    "@coolaj86/urequest": {
      "version": "1.3.6",
      "resolved": "https://registry.npmjs.org/@coolaj86/urequest/-/urequest-1.3.6.tgz",
      "integrity": "sha512-9rBXLFSb5D19opGeXdD/WuiFJsA4Pk2r8VUGEAeUZUxB1a2zB47K85BKAx3Gy9i4nZwg22ejlJA+q9DVrpQlbA=="
    },
    "eckles": {
      "version": "1.4.0",
      "resolved": "https://registry.npmjs.org/eckles/-/eckles-1.4.0.tgz",
      "integrity": "sha512-Bm5dpwhsBuoCHvKCY3gAvP8XFyXH7im8uAu3szykpVNbFBdC+lOuV8vLC8fvTYRZBfFqB+k/P6ud/ZPVO2V2tA=="
    },
    "rasha": {
      "version": "1.2.1",
      "resolved": "https://registry.npmjs.org/rasha/-/rasha-1.2.1.tgz",
      "integrity": "sha512-cs4Hu/rVF3/Qucq+V7lxSz449VfHNMVXJaeajAHno9H5FC1PWlmS4NM6IAX5jPKFF0IC2rOdHdf7iNxQuIWZag=="
    }
  }
}
